
Microsoft Visual Studio Solution File, Format Version 12.00
# Visual Studio Version 16
VisualStudioVersion = 16.0.30204.135
MinimumVisualStudioVersion = 10.0.40219.1
Project("{9A19103F-16F7-4668-BE54-9A1E7A4F7556}") = "Routines.Api", "Routines.Api.csproj", "{9F4A8C52-BB3C-4841-8256-96C50AB492A6}"
EndProject
Global
	GlobalSection(SolutionConfigurationPlatforms) = preSolution
		Debug|Any CPU = Debug|Any CPU
		Release|Any CPU = Release|Any CPU
	EndGlobalSection
	GlobalSection(ProjectConfigurationPlatforms) = postSolution
		{9F4A8C52-BB3C-4841-8256-96C50AB492A6}.Debug|Any CPU.ActiveCfg = Debug|Any CPU
		{9F4A8C52-BB3C-4841-8256-96C50AB492A6}.Debug|Any CPU.Build.0 = Debug|Any CPU
		{9F4A8C52-BB3C-4841-8256-96C50AB492A6}.Release|Any CPU.ActiveCfg = Release|Any CPU
		{9F4A8C52-BB3C-4841-8256-96C50AB492A6}.Release|Any CPU.Build.0 = Release|Any CPU
	EndGlobalSection
	GlobalSection(SolutionProperties) = preSolution
		HideSolutionNode = FALSE
	EndGlobalSection
	GlobalSection(ExtensibilityGlobals) = postSolution
		SolutionGuid = {893CFC84-93EC-48AD-8926-B8403E686D91}
	EndGlobalSection
EndGlobal
